// !$*UTF8*$!
{
	archiveVersion = 1;
	classes = {
	};
	objectVersion = 46;
	objects = {

/* Begin PBXBuildFile section */
		0F1FBFAC2FCFF99FDE476DF1 /* Pods_SwipeMeal.framework in Frameworks */ = {isa = PBXBuildFile; fileRef = 346DF6819F5ACFA0D762B3BD /* Pods_SwipeMeal.framework */; };
		16114D161D4FFAE800EF2AC8 /* SwipeBuyDetailViewController.m in Sources */ = {isa = PBXBuildFile; fileRef = 16114D151D4FFAE800EF2AC8 /* SwipeBuyDetailViewController.m */; };
		1613C08E1D2867FB00F7BC3B /* MessagesDetailChoiceViewController.m in Sources */ = {isa = PBXBuildFile; fileRef = 1613C08D1D2867FB00F7BC3B /* MessagesDetailChoiceViewController.m */; };
		1613C0911D28987000F7BC3B /* MessagesDetailChildViewController.m in Sources */ = {isa = PBXBuildFile; fileRef = 1613C0901D28987000F7BC3B /* MessagesDetailChildViewController.m */; };
		1613C0941D28A21700F7BC3B /* MessagesDetailReplyConfirmViewController.m in Sources */ = {isa = PBXBuildFile; fileRef = 1613C0931D28A21700F7BC3B /* MessagesDetailReplyConfirmViewController.m */; };
		161D1B951D4E6F41005B7FC2 /* SwipeSellDetailViewController.m in Sources */ = {isa = PBXBuildFile; fileRef = 161D1B941D4E6F41005B7FC2 /* SwipeSellDetailViewController.m */; };
		161D1B981D4E9051005B7FC2 /* SwipeSellConfirmationViewController.m in Sources */ = {isa = PBXBuildFile; fileRef = 161D1B971D4E9051005B7FC2 /* SwipeSellConfirmationViewController.m */; };
		164A477F1D292832000AD065 /* MessagesDetailReplyTableViewCell.m in Sources */ = {isa = PBXBuildFile; fileRef = 164A477E1D292832000AD065 /* MessagesDetailReplyTableViewCell.m */; };
		165304B01D569640006A0760 /* Montserrat-Black.otf in Resources */ = {isa = PBXBuildFile; fileRef = 165304A81D569640006A0760 /* Montserrat-Black.otf */; };
		165304B11D569640006A0760 /* Montserrat-Bold.otf in Resources */ = {isa = PBXBuildFile; fileRef = 165304A91D569640006A0760 /* Montserrat-Bold.otf */; };
		165304B21D569640006A0760 /* Montserrat-ExtraBold.otf in Resources */ = {isa = PBXBuildFile; fileRef = 165304AA1D569640006A0760 /* Montserrat-ExtraBold.otf */; };
		165304B31D569640006A0760 /* Montserrat-Hairline.otf in Resources */ = {isa = PBXBuildFile; fileRef = 165304AB1D569640006A0760 /* Montserrat-Hairline.otf */; };
		165304B41D569640006A0760 /* Montserrat-Light.otf in Resources */ = {isa = PBXBuildFile; fileRef = 165304AC1D569640006A0760 /* Montserrat-Light.otf */; };
		165304B51D569640006A0760 /* Montserrat-Regular.otf in Resources */ = {isa = PBXBuildFile; fileRef = 165304AD1D569640006A0760 /* Montserrat-Regular.otf */; };
		165304B61D569640006A0760 /* Montserrat-SemiBold.otf in Resources */ = {isa = PBXBuildFile; fileRef = 165304AE1D569640006A0760 /* Montserrat-SemiBold.otf */; };
		165304B71D569640006A0760 /* Montserrat-UltraLight.otf in Resources */ = {isa = PBXBuildFile; fileRef = 165304AF1D569640006A0760 /* Montserrat-UltraLight.otf */; };
		165304BD1D5698CA006A0760 /* SwipeStore.m in Sources */ = {isa = PBXBuildFile; fileRef = 165304BC1D5698CA006A0760 /* SwipeStore.m */; };
		168656B41D1EB99F004CE47D /* Main.storyboard in Resources */ = {isa = PBXBuildFile; fileRef = 168656B21D1EB99F004CE47D /* Main.storyboard */; };
		168656BA1D1EC830004CE47D /* HomeViewController.m in Sources */ = {isa = PBXBuildFile; fileRef = 168656B91D1EC830004CE47D /* HomeViewController.m */; };
		168656BE1D1EC9F5004CE47D /* HomeHeaderTableViewCell.m in Sources */ = {isa = PBXBuildFile; fileRef = 168656BD1D1EC9F5004CE47D /* HomeHeaderTableViewCell.m */; };
		168656C11D1ECA0C004CE47D /* HomeMainTableViewCell.m in Sources */ = {isa = PBXBuildFile; fileRef = 168656C01D1ECA0C004CE47D /* HomeMainTableViewCell.m */; };
		168656C71D1F15B5004CE47D /* MessagesViewController.m in Sources */ = {isa = PBXBuildFile; fileRef = 168656C61D1F15B5004CE47D /* MessagesViewController.m */; };
		168656CB1D1F29BD004CE47D /* MessagesTableViewCell.m in Sources */ = {isa = PBXBuildFile; fileRef = 168656CA1D1F29BD004CE47D /* MessagesTableViewCell.m */; };
		168656CE1D1F2D53004CE47D /* Message.m in Sources */ = {isa = PBXBuildFile; fileRef = 168656CD1D1F2D53004CE47D /* Message.m */; };
		168656D11D202F18004CE47D /* CircularIndicatorView.m in Sources */ = {isa = PBXBuildFile; fileRef = 168656D01D202F18004CE47D /* CircularIndicatorView.m */; };
		168656D41D204636004CE47D /* MessagesDetailViewController.m in Sources */ = {isa = PBXBuildFile; fileRef = 168656D31D204636004CE47D /* MessagesDetailViewController.m */; };
		168656D71D204CB3004CE47D /* MessagesDetailReplyViewController.m in Sources */ = {isa = PBXBuildFile; fileRef = 168656D61D204CB3004CE47D /* MessagesDetailReplyViewController.m */; };
		1694222A1D577496002981A9 /* SwipeBuyConfirmationViewController.m in Sources */ = {isa = PBXBuildFile; fileRef = 169422291D577496002981A9 /* SwipeBuyConfirmationViewController.m */; };
		1694222D1D577629002981A9 /* SwipeBuyConfirmDialogViewController.m in Sources */ = {isa = PBXBuildFile; fileRef = 1694222C1D577629002981A9 /* SwipeBuyConfirmDialogViewController.m */; };
		16ABC4BB1D4C04EC00A2AAA4 /* SwipeBuyViewController.m in Sources */ = {isa = PBXBuildFile; fileRef = 16ABC4BA1D4C04EC00A2AAA4 /* SwipeBuyViewController.m */; };
		16ABC4BF1D4C06A400A2AAA4 /* Buying.storyboard in Resources */ = {isa = PBXBuildFile; fileRef = 16ABC4BD1D4C06A400A2AAA4 /* Buying.storyboard */; };
		16ABC4C21D4C3FDE00A2AAA4 /* SwipeBuyTableViewCell.m in Sources */ = {isa = PBXBuildFile; fileRef = 16ABC4C11D4C3FDE00A2AAA4 /* SwipeBuyTableViewCell.m */; };
		16ABC4C51D4C40B800A2AAA4 /* Swipe.m in Sources */ = {isa = PBXBuildFile; fileRef = 16ABC4C41D4C40B800A2AAA4 /* Swipe.m */; };
		16D51ECD1D51747400E3C3F8 /* UIFont+Utils.m in Sources */ = {isa = PBXBuildFile; fileRef = 16D51ECC1D51747400E3C3F8 /* UIFont+Utils.m */; };
		16DE213D1D60C93200D902EC /* SwipeService.m in Sources */ = {isa = PBXBuildFile; fileRef = 16DE213C1D60C93200D902EC /* SwipeService.m */; };
		16EF77C51D4D955F00B16E70 /* Selling.storyboard in Resources */ = {isa = PBXBuildFile; fileRef = 16EF77C31D4D955F00B16E70 /* Selling.storyboard */; };
		16EF77C81D4D958C00B16E70 /* SwipeSellViewController.m in Sources */ = {isa = PBXBuildFile; fileRef = 16EF77C71D4D958C00B16E70 /* SwipeSellViewController.m */; };
		CE0A128C1D1087AE00BB3AFD /* Firebase+SwipeMeal.swift in Sources */ = {isa = PBXBuildFile; fileRef = CE0A128B1D1087AE00BB3AFD /* Firebase+SwipeMeal.swift */; };
		CE0A128E1D10981A00BB3AFD /* SwipeMealErrors.swift in Sources */ = {isa = PBXBuildFile; fileRef = CE0A128D1D10981A00BB3AFD /* SwipeMealErrors.swift */; };
		CE1D77611CF644620071D249 /* SignUp.storyboard in Resources */ = {isa = PBXBuildFile; fileRef = CE1D775F1CF644620071D249 /* SignUp.storyboard */; };
		CE1D77661CF76CDC0071D249 /* String+Extensions.swift in Sources */ = {isa = PBXBuildFile; fileRef = CE1D77651CF76CDC0071D249 /* String+Extensions.swift */; };
		CE1D776B1CF76FB30071D249 /* SignUpInfo.swift in Sources */ = {isa = PBXBuildFile; fileRef = CE1D776A1CF76FB30071D249 /* SignUpInfo.swift */; };
		CE1D776E1CF7708A0071D249 /* SignUpInfoValidator.swift in Sources */ = {isa = PBXBuildFile; fileRef = CE1D776D1CF7708A0071D249 /* SignUpInfoValidator.swift */; };
		CE1D77721CF777D70071D249 /* UIViewController+Extensions.swift in Sources */ = {isa = PBXBuildFile; fileRef = CE1D77711CF777D70071D249 /* UIViewController+Extensions.swift */; };
		CE23E5601CF37DAB00B3161D /* GoogleService-Info.plist in Resources */ = {isa = PBXBuildFile; fileRef = CE23E55F1CF37DAB00B3161D /* GoogleService-Info.plist */; };
		CE2782CC1CE7EA4200039014 /* AppDelegate.swift in Sources */ = {isa = PBXBuildFile; fileRef = CE2782CB1CE7EA4200039014 /* AppDelegate.swift */; };
		CE2782D11CE7EA4200039014 /* SignIn.storyboard in Resources */ = {isa = PBXBuildFile; fileRef = CE2782CF1CE7EA4200039014 /* SignIn.storyboard */; };
		CE2782D31CE7EA4200039014 /* Assets.xcassets in Resources */ = {isa = PBXBuildFile; fileRef = CE2782D21CE7EA4200039014 /* Assets.xcassets */; };
		CE2782D61CE7EA4200039014 /* LaunchScreen.storyboard in Resources */ = {isa = PBXBuildFile; fileRef = CE2782D41CE7EA4200039014 /* LaunchScreen.storyboard */; };
		CE3203DB1D621BB900746B03 /* ProfileViewController.swift in Sources */ = {isa = PBXBuildFile; fileRef = CE3203DA1D621BB900746B03 /* ProfileViewController.swift */; };
		CE34EA471D146178003408EB /* Onboarding.storyboard in Resources */ = {isa = PBXBuildFile; fileRef = CE34EA451D146178003408EB /* Onboarding.storyboard */; };
		CE34EA491D146266003408EB /* WelcomeViewController.swift in Sources */ = {isa = PBXBuildFile; fileRef = CE34EA481D146266003408EB /* WelcomeViewController.swift */; };
		CE34EA4B1D185BD7003408EB /* SwipeMealNavigationBar.swift in Sources */ = {isa = PBXBuildFile; fileRef = CE34EA4A1D185BD7003408EB /* SwipeMealNavigationBar.swift */; };
		CE34EA4D1D185CB9003408EB /* SwipeMealNavigationController.swift in Sources */ = {isa = PBXBuildFile; fileRef = CE34EA4C1D185CB9003408EB /* SwipeMealNavigationController.swift */; };
		CE34EA4F1D1861F3003408EB /* SwipeMealUserStorage.swift in Sources */ = {isa = PBXBuildFile; fileRef = CE34EA4E1D1861F3003408EB /* SwipeMealUserStorage.swift */; };
		CE34EA511D1870BB003408EB /* SwipeMealRoundedButton.swift in Sources */ = {isa = PBXBuildFile; fileRef = CE34EA501D1870BB003408EB /* SwipeMealRoundedButton.swift */; };
		CE34EA531D187276003408EB /* CircularImageView.swift in Sources */ = {isa = PBXBuildFile; fileRef = CE34EA521D187276003408EB /* CircularImageView.swift */; };
		CE34EA551D189233003408EB /* AddProfileImageViewController.swift in Sources */ = {isa = PBXBuildFile; fileRef = CE34EA541D189233003408EB /* AddProfileImageViewController.swift */; };
		CE34EA571D1895F6003408EB /* UIColor+Extensions.swift in Sources */ = {isa = PBXBuildFile; fileRef = CE34EA561D1895F6003408EB /* UIColor+Extensions.swift */; };
		CE67668A1D09D450003D6EF0 /* UIStoryboard+Extensions.swift in Sources */ = {isa = PBXBuildFile; fileRef = CE6766891D09D450003D6EF0 /* UIStoryboard+Extensions.swift */; };
		CE67668C1D09FE08003D6EF0 /* UIProtocols.swift in Sources */ = {isa = PBXBuildFile; fileRef = CE67668B1D09FE08003D6EF0 /* UIProtocols.swift */; };
		CE67668F1D09FE1B003D6EF0 /* BottomBorderTextField.swift in Sources */ = {isa = PBXBuildFile; fileRef = CE67668D1D09FE1B003D6EF0 /* BottomBorderTextField.swift */; };
		CE6766901D09FE1B003D6EF0 /* SignInTextField.swift in Sources */ = {isa = PBXBuildFile; fileRef = CE67668E1D09FE1B003D6EF0 /* SignInTextField.swift */; };
		CE6766951D09FE2E003D6EF0 /* SignInViewController.swift in Sources */ = {isa = PBXBuildFile; fileRef = CE6766931D09FE2E003D6EF0 /* SignInViewController.swift */; };
		CE6766961D09FE2E003D6EF0 /* SignUpViewController.swift in Sources */ = {isa = PBXBuildFile; fileRef = CE6766941D09FE2E003D6EF0 /* SignUpViewController.swift */; };
		CE67669A1D09FE38003D6EF0 /* BaseOperation.swift in Sources */ = {isa = PBXBuildFile; fileRef = CE6766971D09FE38003D6EF0 /* BaseOperation.swift */; };
		CE67669B1D09FE38003D6EF0 /* PresentationOperation.swift in Sources */ = {isa = PBXBuildFile; fileRef = CE6766981D09FE38003D6EF0 /* PresentationOperation.swift */; };
		CE67669E1D0A0061003D6EF0 /* CreateUserAccountOperation.swift in Sources */ = {isa = PBXBuildFile; fileRef = CE67669D1D0A0061003D6EF0 /* CreateUserAccountOperation.swift */; };
		CE6766A11D0A02BD003D6EF0 /* SMDatabaseLayer.swift in Sources */ = {isa = PBXBuildFile; fileRef = CE6766A01D0A02BD003D6EF0 /* SMDatabaseLayer.swift */; };
		CE6766A31D0A02FC003D6EF0 /* SwipeMealUser.swift in Sources */ = {isa = PBXBuildFile; fileRef = CE6766A21D0A02FC003D6EF0 /* SwipeMealUser.swift */; };
		CE6766A61D0A09B1003D6EF0 /* AppEntryFlowController.swift in Sources */ = {isa = PBXBuildFile; fileRef = CE6766A51D0A09B1003D6EF0 /* AppEntryFlowController.swift */; };
		CE6766AA1D0A14CA003D6EF0 /* SMAuthLayer.swift in Sources */ = {isa = PBXBuildFile; fileRef = CE6766A91D0A14CA003D6EF0 /* SMAuthLayer.swift */; };
		CE6766AE1D0A2462003D6EF0 /* EmailVerificationSentViewController.swift in Sources */ = {isa = PBXBuildFile; fileRef = CE6766AD1D0A2462003D6EF0 /* EmailVerificationSentViewController.swift */; };
		CE7748951D134175007F24C2 /* AuthenticateLoginOperation.swift in Sources */ = {isa = PBXBuildFile; fileRef = CE7748941D134175007F24C2 /* AuthenticateLoginOperation.swift */; };
		CECC1ECE1D1B782F00082B1A /* AddProfileImageOperation.swift in Sources */ = {isa = PBXBuildFile; fileRef = CECC1ECD1D1B782F00082B1A /* AddProfileImageOperation.swift */; };
/* End PBXBuildFile section */

/* Begin PBXFileReference section */
		16114D141D4FFAE800EF2AC8 /* SwipeBuyDetailViewController.h */ = {isa = PBXFileReference; fileEncoding = 4; lastKnownFileType = sourcecode.c.h; name = SwipeBuyDetailViewController.h; path = SwipeMeal/ViewControllers/SwipeBuyDetailViewController.h; sourceTree = "<group>"; };
		16114D151D4FFAE800EF2AC8 /* SwipeBuyDetailViewController.m */ = {isa = PBXFileReference; fileEncoding = 4; lastKnownFileType = sourcecode.c.objc; name = SwipeBuyDetailViewController.m; path = SwipeMeal/ViewControllers/SwipeBuyDetailViewController.m; sourceTree = "<group>"; };
		1613C08C1D2867FA00F7BC3B /* MessagesDetailChoiceViewController.h */ = {isa = PBXFileReference; fileEncoding = 4; lastKnownFileType = sourcecode.c.h; name = MessagesDetailChoiceViewController.h; path = SwipeMeal/ViewControllers/MessagesDetailChoiceViewController.h; sourceTree = "<group>"; };
		1613C08D1D2867FB00F7BC3B /* MessagesDetailChoiceViewController.m */ = {isa = PBXFileReference; fileEncoding = 4; lastKnownFileType = sourcecode.c.objc; name = MessagesDetailChoiceViewController.m; path = SwipeMeal/ViewControllers/MessagesDetailChoiceViewController.m; sourceTree = "<group>"; };
		1613C08F1D28987000F7BC3B /* MessagesDetailChildViewController.h */ = {isa = PBXFileReference; fileEncoding = 4; lastKnownFileType = sourcecode.c.h; name = MessagesDetailChildViewController.h; path = SwipeMeal/ViewControllers/MessagesDetailChildViewController.h; sourceTree = "<group>"; };
		1613C0901D28987000F7BC3B /* MessagesDetailChildViewController.m */ = {isa = PBXFileReference; fileEncoding = 4; lastKnownFileType = sourcecode.c.objc; name = MessagesDetailChildViewController.m; path = SwipeMeal/ViewControllers/MessagesDetailChildViewController.m; sourceTree = "<group>"; };
		1613C0921D28A21700F7BC3B /* MessagesDetailReplyConfirmViewController.h */ = {isa = PBXFileReference; fileEncoding = 4; lastKnownFileType = sourcecode.c.h; name = MessagesDetailReplyConfirmViewController.h; path = SwipeMeal/ViewControllers/MessagesDetailReplyConfirmViewController.h; sourceTree = "<group>"; };
		1613C0931D28A21700F7BC3B /* MessagesDetailReplyConfirmViewController.m */ = {isa = PBXFileReference; fileEncoding = 4; lastKnownFileType = sourcecode.c.objc; name = MessagesDetailReplyConfirmViewController.m; path = SwipeMeal/ViewControllers/MessagesDetailReplyConfirmViewController.m; sourceTree = "<group>"; };
		161D1B931D4E6F41005B7FC2 /* SwipeSellDetailViewController.h */ = {isa = PBXFileReference; fileEncoding = 4; lastKnownFileType = sourcecode.c.h; name = SwipeSellDetailViewController.h; path = SwipeMeal/ViewControllers/SwipeSellDetailViewController.h; sourceTree = "<group>"; };
		161D1B941D4E6F41005B7FC2 /* SwipeSellDetailViewController.m */ = {isa = PBXFileReference; fileEncoding = 4; lastKnownFileType = sourcecode.c.objc; name = SwipeSellDetailViewController.m; path = SwipeMeal/ViewControllers/SwipeSellDetailViewController.m; sourceTree = "<group>"; };
		161D1B961D4E9051005B7FC2 /* SwipeSellConfirmationViewController.h */ = {isa = PBXFileReference; fileEncoding = 4; lastKnownFileType = sourcecode.c.h; name = SwipeSellConfirmationViewController.h; path = SwipeMeal/ViewControllers/SwipeSellConfirmationViewController.h; sourceTree = "<group>"; };
		161D1B971D4E9051005B7FC2 /* SwipeSellConfirmationViewController.m */ = {isa = PBXFileReference; fileEncoding = 4; lastKnownFileType = sourcecode.c.objc; name = SwipeSellConfirmationViewController.m; path = SwipeMeal/ViewControllers/SwipeSellConfirmationViewController.m; sourceTree = "<group>"; };
		164A477D1D292832000AD065 /* MessagesDetailReplyTableViewCell.h */ = {isa = PBXFileReference; fileEncoding = 4; lastKnownFileType = sourcecode.c.h; name = MessagesDetailReplyTableViewCell.h; path = SwipeMeal/ViewControllers/MessagesDetailReplyTableViewCell.h; sourceTree = "<group>"; };
		164A477E1D292832000AD065 /* MessagesDetailReplyTableViewCell.m */ = {isa = PBXFileReference; fileEncoding = 4; lastKnownFileType = sourcecode.c.objc; name = MessagesDetailReplyTableViewCell.m; path = SwipeMeal/ViewControllers/MessagesDetailReplyTableViewCell.m; sourceTree = "<group>"; };
		165304A81D569640006A0760 /* Montserrat-Black.otf */ = {isa = PBXFileReference; lastKnownFileType = file; path = "Montserrat-Black.otf"; sourceTree = "<group>"; };
		165304A91D569640006A0760 /* Montserrat-Bold.otf */ = {isa = PBXFileReference; lastKnownFileType = file; path = "Montserrat-Bold.otf"; sourceTree = "<group>"; };
		165304AA1D569640006A0760 /* Montserrat-ExtraBold.otf */ = {isa = PBXFileReference; lastKnownFileType = file; path = "Montserrat-ExtraBold.otf"; sourceTree = "<group>"; };
		165304AB1D569640006A0760 /* Montserrat-Hairline.otf */ = {isa = PBXFileReference; lastKnownFileType = file; path = "Montserrat-Hairline.otf"; sourceTree = "<group>"; };
		165304AC1D569640006A0760 /* Montserrat-Light.otf */ = {isa = PBXFileReference; lastKnownFileType = file; path = "Montserrat-Light.otf"; sourceTree = "<group>"; };
		165304AD1D569640006A0760 /* Montserrat-Regular.otf */ = {isa = PBXFileReference; lastKnownFileType = file; path = "Montserrat-Regular.otf"; sourceTree = "<group>"; };
		165304AE1D569640006A0760 /* Montserrat-SemiBold.otf */ = {isa = PBXFileReference; lastKnownFileType = file; path = "Montserrat-SemiBold.otf"; sourceTree = "<group>"; };
		165304AF1D569640006A0760 /* Montserrat-UltraLight.otf */ = {isa = PBXFileReference; lastKnownFileType = file; path = "Montserrat-UltraLight.otf"; sourceTree = "<group>"; };
		165304BB1D5698CA006A0760 /* SwipeStore.h */ = {isa = PBXFileReference; fileEncoding = 4; lastKnownFileType = sourcecode.c.h; name = SwipeStore.h; path = SwipeMeal/Models/SwipeStore.h; sourceTree = "<group>"; };
		165304BC1D5698CA006A0760 /* SwipeStore.m */ = {isa = PBXFileReference; fileEncoding = 4; lastKnownFileType = sourcecode.c.objc; name = SwipeStore.m; path = SwipeMeal/Models/SwipeStore.m; sourceTree = "<group>"; };
		168656B31D1EB99F004CE47D /* Base */ = {isa = PBXFileReference; lastKnownFileType = file.storyboard; name = Base; path = SwipeMeal/Base.lproj/Main.storyboard; sourceTree = "<group>"; };
		168656B71D1EC82F004CE47D /* SwipeMeal-Bridging-Header.h */ = {isa = PBXFileReference; lastKnownFileType = sourcecode.c.h; path = "SwipeMeal-Bridging-Header.h"; sourceTree = "<group>"; };
		168656B81D1EC830004CE47D /* HomeViewController.h */ = {isa = PBXFileReference; fileEncoding = 4; lastKnownFileType = sourcecode.c.h; name = HomeViewController.h; path = SwipeMeal/ViewControllers/HomeViewController.h; sourceTree = "<group>"; };
		168656B91D1EC830004CE47D /* HomeViewController.m */ = {isa = PBXFileReference; fileEncoding = 4; lastKnownFileType = sourcecode.c.objc; name = HomeViewController.m; path = SwipeMeal/ViewControllers/HomeViewController.m; sourceTree = "<group>"; };
		168656BC1D1EC9F5004CE47D /* HomeHeaderTableViewCell.h */ = {isa = PBXFileReference; fileEncoding = 4; lastKnownFileType = sourcecode.c.h; name = HomeHeaderTableViewCell.h; path = SwipeMeal/ViewControllers/HomeHeaderTableViewCell.h; sourceTree = "<group>"; };
		168656BD1D1EC9F5004CE47D /* HomeHeaderTableViewCell.m */ = {isa = PBXFileReference; fileEncoding = 4; lastKnownFileType = sourcecode.c.objc; name = HomeHeaderTableViewCell.m; path = SwipeMeal/ViewControllers/HomeHeaderTableViewCell.m; sourceTree = "<group>"; };
		168656BF1D1ECA0C004CE47D /* HomeMainTableViewCell.h */ = {isa = PBXFileReference; fileEncoding = 4; lastKnownFileType = sourcecode.c.h; name = HomeMainTableViewCell.h; path = SwipeMeal/ViewControllers/HomeMainTableViewCell.h; sourceTree = "<group>"; };
		168656C01D1ECA0C004CE47D /* HomeMainTableViewCell.m */ = {isa = PBXFileReference; fileEncoding = 4; lastKnownFileType = sourcecode.c.objc; name = HomeMainTableViewCell.m; path = SwipeMeal/ViewControllers/HomeMainTableViewCell.m; sourceTree = "<group>"; };
		168656C51D1F15B5004CE47D /* MessagesViewController.h */ = {isa = PBXFileReference; fileEncoding = 4; lastKnownFileType = sourcecode.c.h; name = MessagesViewController.h; path = SwipeMeal/ViewControllers/MessagesViewController.h; sourceTree = "<group>"; };
		168656C61D1F15B5004CE47D /* MessagesViewController.m */ = {isa = PBXFileReference; fileEncoding = 4; lastKnownFileType = sourcecode.c.objc; name = MessagesViewController.m; path = SwipeMeal/ViewControllers/MessagesViewController.m; sourceTree = "<group>"; };
		168656C91D1F29BD004CE47D /* MessagesTableViewCell.h */ = {isa = PBXFileReference; fileEncoding = 4; lastKnownFileType = sourcecode.c.h; name = MessagesTableViewCell.h; path = SwipeMeal/ViewControllers/MessagesTableViewCell.h; sourceTree = "<group>"; };
		168656CA1D1F29BD004CE47D /* MessagesTableViewCell.m */ = {isa = PBXFileReference; fileEncoding = 4; lastKnownFileType = sourcecode.c.objc; name = MessagesTableViewCell.m; path = SwipeMeal/ViewControllers/MessagesTableViewCell.m; sourceTree = "<group>"; };
		168656CC1D1F2D53004CE47D /* Message.h */ = {isa = PBXFileReference; fileEncoding = 4; lastKnownFileType = sourcecode.c.h; name = Message.h; path = SwipeMeal/Models/Message.h; sourceTree = "<group>"; };
		168656CD1D1F2D53004CE47D /* Message.m */ = {isa = PBXFileReference; fileEncoding = 4; lastKnownFileType = sourcecode.c.objc; name = Message.m; path = SwipeMeal/Models/Message.m; sourceTree = "<group>"; };
		168656CF1D202F18004CE47D /* CircularIndicatorView.h */ = {isa = PBXFileReference; fileEncoding = 4; lastKnownFileType = sourcecode.c.h; name = CircularIndicatorView.h; path = SwipeMeal/CustomUI/CircularIndicatorView.h; sourceTree = "<group>"; };
		168656D01D202F18004CE47D /* CircularIndicatorView.m */ = {isa = PBXFileReference; fileEncoding = 4; lastKnownFileType = sourcecode.c.objc; name = CircularIndicatorView.m; path = SwipeMeal/CustomUI/CircularIndicatorView.m; sourceTree = "<group>"; };
		168656D21D204636004CE47D /* MessagesDetailViewController.h */ = {isa = PBXFileReference; fileEncoding = 4; lastKnownFileType = sourcecode.c.h; name = MessagesDetailViewController.h; path = SwipeMeal/ViewControllers/MessagesDetailViewController.h; sourceTree = "<group>"; };
		168656D31D204636004CE47D /* MessagesDetailViewController.m */ = {isa = PBXFileReference; fileEncoding = 4; lastKnownFileType = sourcecode.c.objc; name = MessagesDetailViewController.m; path = SwipeMeal/ViewControllers/MessagesDetailViewController.m; sourceTree = "<group>"; };
		168656D51D204CB3004CE47D /* MessagesDetailReplyViewController.h */ = {isa = PBXFileReference; fileEncoding = 4; lastKnownFileType = sourcecode.c.h; name = MessagesDetailReplyViewController.h; path = SwipeMeal/ViewControllers/MessagesDetailReplyViewController.h; sourceTree = "<group>"; };
		168656D61D204CB3004CE47D /* MessagesDetailReplyViewController.m */ = {isa = PBXFileReference; fileEncoding = 4; lastKnownFileType = sourcecode.c.objc; name = MessagesDetailReplyViewController.m; path = SwipeMeal/ViewControllers/MessagesDetailReplyViewController.m; sourceTree = "<group>"; };
		169422281D577496002981A9 /* SwipeBuyConfirmationViewController.h */ = {isa = PBXFileReference; fileEncoding = 4; lastKnownFileType = sourcecode.c.h; name = SwipeBuyConfirmationViewController.h; path = SwipeMeal/ViewControllers/SwipeBuyConfirmationViewController.h; sourceTree = "<group>"; };
		169422291D577496002981A9 /* SwipeBuyConfirmationViewController.m */ = {isa = PBXFileReference; fileEncoding = 4; lastKnownFileType = sourcecode.c.objc; name = SwipeBuyConfirmationViewController.m; path = SwipeMeal/ViewControllers/SwipeBuyConfirmationViewController.m; sourceTree = "<group>"; };
		1694222B1D577629002981A9 /* SwipeBuyConfirmDialogViewController.h */ = {isa = PBXFileReference; fileEncoding = 4; lastKnownFileType = sourcecode.c.h; name = SwipeBuyConfirmDialogViewController.h; path = SwipeMeal/ViewControllers/SwipeBuyConfirmDialogViewController.h; sourceTree = "<group>"; };
		1694222C1D577629002981A9 /* SwipeBuyConfirmDialogViewController.m */ = {isa = PBXFileReference; fileEncoding = 4; lastKnownFileType = sourcecode.c.objc; name = SwipeBuyConfirmDialogViewController.m; path = SwipeMeal/ViewControllers/SwipeBuyConfirmDialogViewController.m; sourceTree = "<group>"; };
		16ABC4B91D4C04EC00A2AAA4 /* SwipeBuyViewController.h */ = {isa = PBXFileReference; fileEncoding = 4; lastKnownFileType = sourcecode.c.h; name = SwipeBuyViewController.h; path = SwipeMeal/ViewControllers/SwipeBuyViewController.h; sourceTree = "<group>"; };
		16ABC4BA1D4C04EC00A2AAA4 /* SwipeBuyViewController.m */ = {isa = PBXFileReference; fileEncoding = 4; lastKnownFileType = sourcecode.c.objc; name = SwipeBuyViewController.m; path = SwipeMeal/ViewControllers/SwipeBuyViewController.m; sourceTree = "<group>"; };
		16ABC4BE1D4C06A400A2AAA4 /* Base */ = {isa = PBXFileReference; lastKnownFileType = file.storyboard; name = Base; path = SwipeMeal/Base.lproj/Buying.storyboard; sourceTree = "<group>"; };
		16ABC4C01D4C3FDE00A2AAA4 /* SwipeBuyTableViewCell.h */ = {isa = PBXFileReference; fileEncoding = 4; lastKnownFileType = sourcecode.c.h; name = SwipeBuyTableViewCell.h; path = SwipeMeal/ViewControllers/SwipeBuyTableViewCell.h; sourceTree = "<group>"; };
		16ABC4C11D4C3FDE00A2AAA4 /* SwipeBuyTableViewCell.m */ = {isa = PBXFileReference; fileEncoding = 4; lastKnownFileType = sourcecode.c.objc; name = SwipeBuyTableViewCell.m; path = SwipeMeal/ViewControllers/SwipeBuyTableViewCell.m; sourceTree = "<group>"; };
		16ABC4C31D4C40B700A2AAA4 /* Swipe.h */ = {isa = PBXFileReference; fileEncoding = 4; lastKnownFileType = sourcecode.c.h; name = Swipe.h; path = SwipeMeal/Models/Swipe.h; sourceTree = "<group>"; };
		16ABC4C41D4C40B800A2AAA4 /* Swipe.m */ = {isa = PBXFileReference; fileEncoding = 4; lastKnownFileType = sourcecode.c.objc; name = Swipe.m; path = SwipeMeal/Models/Swipe.m; sourceTree = "<group>"; };
		16D51ECB1D51747400E3C3F8 /* UIFont+Utils.h */ = {isa = PBXFileReference; fileEncoding = 4; lastKnownFileType = sourcecode.c.h; name = "UIFont+Utils.h"; path = "SwipeMeal/UIKit-Extensions/UIFont+Utils.h"; sourceTree = "<group>"; };
		16D51ECC1D51747400E3C3F8 /* UIFont+Utils.m */ = {isa = PBXFileReference; fileEncoding = 4; lastKnownFileType = sourcecode.c.objc; name = "UIFont+Utils.m"; path = "SwipeMeal/UIKit-Extensions/UIFont+Utils.m"; sourceTree = "<group>"; };
		16DE213B1D60C93200D902EC /* SwipeService.h */ = {isa = PBXFileReference; fileEncoding = 4; lastKnownFileType = sourcecode.c.h; name = SwipeService.h; path = SwipeMeal/Models/SwipeService.h; sourceTree = "<group>"; };
		16DE213C1D60C93200D902EC /* SwipeService.m */ = {isa = PBXFileReference; fileEncoding = 4; lastKnownFileType = sourcecode.c.objc; name = SwipeService.m; path = SwipeMeal/Models/SwipeService.m; sourceTree = "<group>"; };
		16EF77C41D4D955F00B16E70 /* Base */ = {isa = PBXFileReference; lastKnownFileType = file.storyboard; name = Base; path = SwipeMeal/Base.lproj/Selling.storyboard; sourceTree = "<group>"; };
		16EF77C61D4D958C00B16E70 /* SwipeSellViewController.h */ = {isa = PBXFileReference; fileEncoding = 4; lastKnownFileType = sourcecode.c.h; name = SwipeSellViewController.h; path = SwipeMeal/ViewControllers/SwipeSellViewController.h; sourceTree = "<group>"; };
		16EF77C71D4D958C00B16E70 /* SwipeSellViewController.m */ = {isa = PBXFileReference; fileEncoding = 4; lastKnownFileType = sourcecode.c.objc; name = SwipeSellViewController.m; path = SwipeMeal/ViewControllers/SwipeSellViewController.m; sourceTree = "<group>"; };
		346DF6819F5ACFA0D762B3BD /* Pods_SwipeMeal.framework */ = {isa = PBXFileReference; explicitFileType = wrapper.framework; includeInIndex = 0; path = Pods_SwipeMeal.framework; sourceTree = BUILT_PRODUCTS_DIR; };
		B4F9E638069FF5996BB25BBD /* Pods-SwipeMeal.debug.xcconfig */ = {isa = PBXFileReference; includeInIndex = 1; lastKnownFileType = text.xcconfig; name = "Pods-SwipeMeal.debug.xcconfig"; path = "Pods/Target Support Files/Pods-SwipeMeal/Pods-SwipeMeal.debug.xcconfig"; sourceTree = "<group>"; };
		B58457A538308AC028CDB657 /* Pods-SwipeMeal.release.xcconfig */ = {isa = PBXFileReference; includeInIndex = 1; lastKnownFileType = text.xcconfig; name = "Pods-SwipeMeal.release.xcconfig"; path = "Pods/Target Support Files/Pods-SwipeMeal/Pods-SwipeMeal.release.xcconfig"; sourceTree = "<group>"; };
		CE0A128B1D1087AE00BB3AFD /* Firebase+SwipeMeal.swift */ = {isa = PBXFileReference; fileEncoding = 4; lastKnownFileType = sourcecode.swift; name = "Firebase+SwipeMeal.swift"; path = "SwipeMeal/Extensions/Firebase+SwipeMeal.swift"; sourceTree = "<group>"; };
		CE0A128D1D10981A00BB3AFD /* SwipeMealErrors.swift */ = {isa = PBXFileReference; fileEncoding = 4; lastKnownFileType = sourcecode.swift; name = SwipeMealErrors.swift; path = SwipeMeal/Models/SwipeMealErrors.swift; sourceTree = "<group>"; };
		CE1D77601CF644620071D249 /* Base */ = {isa = PBXFileReference; lastKnownFileType = file.storyboard; name = Base; path = SwipeMeal/Base.lproj/SignUp.storyboard; sourceTree = "<group>"; };
		CE1D77651CF76CDC0071D249 /* String+Extensions.swift */ = {isa = PBXFileReference; fileEncoding = 4; lastKnownFileType = sourcecode.swift; name = "String+Extensions.swift"; path = "SwipeMeal/UIKit-Extensions/String+Extensions.swift"; sourceTree = "<group>"; };
		CE1D776A1CF76FB30071D249 /* SignUpInfo.swift */ = {isa = PBXFileReference; fileEncoding = 4; lastKnownFileType = sourcecode.swift; name = SignUpInfo.swift; path = SwipeMeal/Models/SignUpInfo.swift; sourceTree = "<group>"; };
		CE1D776D1CF7708A0071D249 /* SignUpInfoValidator.swift */ = {isa = PBXFileReference; fileEncoding = 4; lastKnownFileType = sourcecode.swift; name = SignUpInfoValidator.swift; path = SwipeMeal/Utilities/SignUpInfoValidator.swift; sourceTree = "<group>"; };
		CE1D77711CF777D70071D249 /* UIViewController+Extensions.swift */ = {isa = PBXFileReference; fileEncoding = 4; lastKnownFileType = sourcecode.swift; name = "UIViewController+Extensions.swift"; path = "SwipeMeal/UIKit-Extensions/UIViewController+Extensions.swift"; sourceTree = "<group>"; };
		CE23E55F1CF37DAB00B3161D /* GoogleService-Info.plist */ = {isa = PBXFileReference; fileEncoding = 4; lastKnownFileType = text.plist.xml; name = "GoogleService-Info.plist"; path = "SwipeMeal/GoogleService-Info.plist"; sourceTree = "<group>"; };
		CE24F0881D5BB3F9009B1E2E /* SwipeMeal.entitlements */ = {isa = PBXFileReference; lastKnownFileType = text.xml; path = SwipeMeal.entitlements; sourceTree = "<group>"; };
		CE2782C81CE7EA4200039014 /* SwipeMeal.app */ = {isa = PBXFileReference; explicitFileType = wrapper.application; includeInIndex = 0; path = SwipeMeal.app; sourceTree = BUILT_PRODUCTS_DIR; };
		CE2782CB1CE7EA4200039014 /* AppDelegate.swift */ = {isa = PBXFileReference; lastKnownFileType = sourcecode.swift; path = AppDelegate.swift; sourceTree = "<group>"; };
		CE2782D01CE7EA4200039014 /* Base */ = {isa = PBXFileReference; lastKnownFileType = file.storyboard; name = Base; path = Base.lproj/SignIn.storyboard; sourceTree = "<group>"; };
		CE2782D21CE7EA4200039014 /* Assets.xcassets */ = {isa = PBXFileReference; lastKnownFileType = folder.assetcatalog; name = Assets.xcassets; path = SwipeMeal/Assets.xcassets; sourceTree = "<group>"; };
		CE2782D51CE7EA4200039014 /* Base */ = {isa = PBXFileReference; lastKnownFileType = file.storyboard; name = Base; path = Base.lproj/LaunchScreen.storyboard; sourceTree = "<group>"; };
		CE2782D71CE7EA4200039014 /* Info.plist */ = {isa = PBXFileReference; lastKnownFileType = text.plist.xml; name = Info.plist; path = SwipeMeal/Info.plist; sourceTree = "<group>"; };
		CE3203DA1D621BB900746B03 /* ProfileViewController.swift */ = {isa = PBXFileReference; fileEncoding = 4; lastKnownFileType = sourcecode.swift; name = ProfileViewController.swift; path = SwipeMeal/ViewControllers/ProfileViewController.swift; sourceTree = "<group>"; };
		CE34EA461D146178003408EB /* Base */ = {isa = PBXFileReference; lastKnownFileType = file.storyboard; name = Base; path = SwipeMeal/Base.lproj/Onboarding.storyboard; sourceTree = "<group>"; };
		CE34EA481D146266003408EB /* WelcomeViewController.swift */ = {isa = PBXFileReference; fileEncoding = 4; lastKnownFileType = sourcecode.swift; name = WelcomeViewController.swift; path = SwipeMeal/ViewControllers/WelcomeViewController.swift; sourceTree = "<group>"; };
		CE34EA4A1D185BD7003408EB /* SwipeMealNavigationBar.swift */ = {isa = PBXFileReference; fileEncoding = 4; lastKnownFileType = sourcecode.swift; name = SwipeMealNavigationBar.swift; path = SwipeMeal/CustomUI/SwipeMealNavigationBar.swift; sourceTree = "<group>"; };
		CE34EA4C1D185CB9003408EB /* SwipeMealNavigationController.swift */ = {isa = PBXFileReference; fileEncoding = 4; lastKnownFileType = sourcecode.swift; name = SwipeMealNavigationController.swift; path = SwipeMeal/CustomUI/SwipeMealNavigationController.swift; sourceTree = "<group>"; };
		CE34EA4E1D1861F3003408EB /* SwipeMealUserStorage.swift */ = {isa = PBXFileReference; fileEncoding = 4; lastKnownFileType = sourcecode.swift; name = SwipeMealUserStorage.swift; path = SwipeMeal/Utilities/SwipeMealUserStorage.swift; sourceTree = "<group>"; };
		CE34EA501D1870BB003408EB /* SwipeMealRoundedButton.swift */ = {isa = PBXFileReference; fileEncoding = 4; lastKnownFileType = sourcecode.swift; name = SwipeMealRoundedButton.swift; path = SwipeMeal/CustomUI/SwipeMealRoundedButton.swift; sourceTree = "<group>"; };
		CE34EA521D187276003408EB /* CircularImageView.swift */ = {isa = PBXFileReference; fileEncoding = 4; lastKnownFileType = sourcecode.swift; name = CircularImageView.swift; path = SwipeMeal/CustomUI/CircularImageView.swift; sourceTree = "<group>"; };
		CE34EA541D189233003408EB /* AddProfileImageViewController.swift */ = {isa = PBXFileReference; fileEncoding = 4; lastKnownFileType = sourcecode.swift; name = AddProfileImageViewController.swift; path = SwipeMeal/ViewControllers/AddProfileImageViewController.swift; sourceTree = "<group>"; };
		CE34EA561D1895F6003408EB /* UIColor+Extensions.swift */ = {isa = PBXFileReference; fileEncoding = 4; lastKnownFileType = sourcecode.swift; name = "UIColor+Extensions.swift"; path = "SwipeMeal/UIKit-Extensions/UIColor+Extensions.swift"; sourceTree = "<group>"; };
		CE6766891D09D450003D6EF0 /* UIStoryboard+Extensions.swift */ = {isa = PBXFileReference; fileEncoding = 4; lastKnownFileType = sourcecode.swift; name = "UIStoryboard+Extensions.swift"; path = "SwipeMeal/UIKit-Extensions/UIStoryboard+Extensions.swift"; sourceTree = "<group>"; };
		CE67668B1D09FE08003D6EF0 /* UIProtocols.swift */ = {isa = PBXFileReference; fileEncoding = 4; lastKnownFileType = sourcecode.swift; name = UIProtocols.swift; path = SwipeMeal/CustomUI/UIProtocols.swift; sourceTree = "<group>"; };
		CE67668D1D09FE1B003D6EF0 /* BottomBorderTextField.swift */ = {isa = PBXFileReference; fileEncoding = 4; lastKnownFileType = sourcecode.swift; name = BottomBorderTextField.swift; path = SwipeMeal/CustomUI/BottomBorderTextField.swift; sourceTree = "<group>"; };
		CE67668E1D09FE1B003D6EF0 /* SignInTextField.swift */ = {isa = PBXFileReference; fileEncoding = 4; lastKnownFileType = sourcecode.swift; name = SignInTextField.swift; path = SwipeMeal/CustomUI/SignInTextField.swift; sourceTree = "<group>"; };
		CE6766931D09FE2E003D6EF0 /* SignInViewController.swift */ = {isa = PBXFileReference; fileEncoding = 4; lastKnownFileType = sourcecode.swift; name = SignInViewController.swift; path = SwipeMeal/ViewControllers/SignInViewController.swift; sourceTree = "<group>"; };
		CE6766941D09FE2E003D6EF0 /* SignUpViewController.swift */ = {isa = PBXFileReference; fileEncoding = 4; lastKnownFileType = sourcecode.swift; name = SignUpViewController.swift; path = SwipeMeal/ViewControllers/SignUpViewController.swift; sourceTree = "<group>"; };
		CE6766971D09FE38003D6EF0 /* BaseOperation.swift */ = {isa = PBXFileReference; fileEncoding = 4; lastKnownFileType = sourcecode.swift; name = BaseOperation.swift; path = SwipeMeal/Operations/BaseOperation.swift; sourceTree = "<group>"; };
		CE6766981D09FE38003D6EF0 /* PresentationOperation.swift */ = {isa = PBXFileReference; fileEncoding = 4; lastKnownFileType = sourcecode.swift; name = PresentationOperation.swift; path = SwipeMeal/Operations/PresentationOperation.swift; sourceTree = "<group>"; };
		CE67669D1D0A0061003D6EF0 /* CreateUserAccountOperation.swift */ = {isa = PBXFileReference; fileEncoding = 4; lastKnownFileType = sourcecode.swift; name = CreateUserAccountOperation.swift; path = SwipeMeal/Operations/CreateUserAccountOperation.swift; sourceTree = "<group>"; };
		CE6766A01D0A02BD003D6EF0 /* SMDatabaseLayer.swift */ = {isa = PBXFileReference; fileEncoding = 4; lastKnownFileType = sourcecode.swift; name = SMDatabaseLayer.swift; path = SwipeMeal/DatabaseLayer/SMDatabaseLayer.swift; sourceTree = "<group>"; };
		CE6766A21D0A02FC003D6EF0 /* SwipeMealUser.swift */ = {isa = PBXFileReference; fileEncoding = 4; lastKnownFileType = sourcecode.swift; name = SwipeMealUser.swift; path = SwipeMeal/DatabaseLayer/SwipeMealUser.swift; sourceTree = "<group>"; };
		CE6766A51D0A09B1003D6EF0 /* AppEntryFlowController.swift */ = {isa = PBXFileReference; fileEncoding = 4; lastKnownFileType = sourcecode.swift; name = AppEntryFlowController.swift; path = SwipeMeal/Controllers/AppEntryFlowController.swift; sourceTree = "<group>"; };
		CE6766A91D0A14CA003D6EF0 /* SMAuthLayer.swift */ = {isa = PBXFileReference; fileEncoding = 4; lastKnownFileType = sourcecode.swift; name = SMAuthLayer.swift; path = SwipeMeal/DatabaseLayer/SMAuthLayer.swift; sourceTree = "<group>"; };
		CE6766AD1D0A2462003D6EF0 /* EmailVerificationSentViewController.swift */ = {isa = PBXFileReference; fileEncoding = 4; lastKnownFileType = sourcecode.swift; name = EmailVerificationSentViewController.swift; path = SwipeMeal/ViewControllers/EmailVerificationSentViewController.swift; sourceTree = "<group>"; };
		CE7748941D134175007F24C2 /* AuthenticateLoginOperation.swift */ = {isa = PBXFileReference; fileEncoding = 4; lastKnownFileType = sourcecode.swift; name = AuthenticateLoginOperation.swift; path = SwipeMeal/Operations/AuthenticateLoginOperation.swift; sourceTree = "<group>"; };
		CECC1ECD1D1B782F00082B1A /* AddProfileImageOperation.swift */ = {isa = PBXFileReference; fileEncoding = 4; lastKnownFileType = sourcecode.swift; name = AddProfileImageOperation.swift; path = SwipeMeal/Operations/AddProfileImageOperation.swift; sourceTree = "<group>"; };
/* End PBXFileReference section */

/* Begin PBXFrameworksBuildPhase section */
		CE2782C51CE7EA4200039014 /* Frameworks */ = {
			isa = PBXFrameworksBuildPhase;
			buildActionMask = 2147483647;
			files = (
				0F1FBFAC2FCFF99FDE476DF1 /* Pods_SwipeMeal.framework in Frameworks */,
			);
			runOnlyForDeploymentPostprocessing = 0;
		};
/* End PBXFrameworksBuildPhase section */

/* Begin PBXGroup section */
		1613C0951D28AE4600F7BC3B /* Child View Controllers */ = {
			isa = PBXGroup;
			children = (
				1613C08C1D2867FA00F7BC3B /* MessagesDetailChoiceViewController.h */,
				1613C08D1D2867FB00F7BC3B /* MessagesDetailChoiceViewController.m */,
				168656D51D204CB3004CE47D /* MessagesDetailReplyViewController.h */,
				168656D61D204CB3004CE47D /* MessagesDetailReplyViewController.m */,
				164A477D1D292832000AD065 /* MessagesDetailReplyTableViewCell.h */,
				164A477E1D292832000AD065 /* MessagesDetailReplyTableViewCell.m */,
				1613C0921D28A21700F7BC3B /* MessagesDetailReplyConfirmViewController.h */,
				1613C0931D28A21700F7BC3B /* MessagesDetailReplyConfirmViewController.m */,
			);
			name = "Child View Controllers";
			sourceTree = "<group>";
		};
		165304A71D569640006A0760 /* Fonts */ = {
			isa = PBXGroup;
			children = (
				165304A81D569640006A0760 /* Montserrat-Black.otf */,
				165304A91D569640006A0760 /* Montserrat-Bold.otf */,
				165304AA1D569640006A0760 /* Montserrat-ExtraBold.otf */,
				165304AB1D569640006A0760 /* Montserrat-Hairline.otf */,
				165304AC1D569640006A0760 /* Montserrat-Light.otf */,
				165304AD1D569640006A0760 /* Montserrat-Regular.otf */,
				165304AE1D569640006A0760 /* Montserrat-SemiBold.otf */,
				165304AF1D569640006A0760 /* Montserrat-UltraLight.otf */,
			);
			path = Fonts;
			sourceTree = "<group>";
		};
		168656BB1D1EC9B7004CE47D /* Home */ = {
			isa = PBXGroup;
			children = (
				168656B81D1EC830004CE47D /* HomeViewController.h */,
				168656B91D1EC830004CE47D /* HomeViewController.m */,
				168656BC1D1EC9F5004CE47D /* HomeHeaderTableViewCell.h */,
				168656BD1D1EC9F5004CE47D /* HomeHeaderTableViewCell.m */,
				168656BF1D1ECA0C004CE47D /* HomeMainTableViewCell.h */,
				168656C01D1ECA0C004CE47D /* HomeMainTableViewCell.m */,
			);
			name = Home;
			sourceTree = "<group>";
		};
		168656C81D1F15BA004CE47D /* Messages */ = {
			isa = PBXGroup;
			children = (
				168656C51D1F15B5004CE47D /* MessagesViewController.h */,
				168656C61D1F15B5004CE47D /* MessagesViewController.m */,
				168656C91D1F29BD004CE47D /* MessagesTableViewCell.h */,
				168656CA1D1F29BD004CE47D /* MessagesTableViewCell.m */,
				168656D21D204636004CE47D /* MessagesDetailViewController.h */,
				168656D31D204636004CE47D /* MessagesDetailViewController.m */,
				1613C08F1D28987000F7BC3B /* MessagesDetailChildViewController.h */,
				1613C0901D28987000F7BC3B /* MessagesDetailChildViewController.m */,
				1613C0951D28AE4600F7BC3B /* Child View Controllers */,
			);
			name = Messages;
			sourceTree = "<group>";
		};
		16ABC4BC1D4C04F600A2AAA4 /* Buying Swipes */ = {
			isa = PBXGroup;
			children = (
				16ABC4B91D4C04EC00A2AAA4 /* SwipeBuyViewController.h */,
				16ABC4BA1D4C04EC00A2AAA4 /* SwipeBuyViewController.m */,
				16ABC4C01D4C3FDE00A2AAA4 /* SwipeBuyTableViewCell.h */,
				16ABC4C11D4C3FDE00A2AAA4 /* SwipeBuyTableViewCell.m */,
				16114D141D4FFAE800EF2AC8 /* SwipeBuyDetailViewController.h */,
				16114D151D4FFAE800EF2AC8 /* SwipeBuyDetailViewController.m */,
				1694222B1D577629002981A9 /* SwipeBuyConfirmDialogViewController.h */,
				1694222C1D577629002981A9 /* SwipeBuyConfirmDialogViewController.m */,
				169422281D577496002981A9 /* SwipeBuyConfirmationViewController.h */,
				169422291D577496002981A9 /* SwipeBuyConfirmationViewController.m */,
			);
			name = "Buying Swipes";
			sourceTree = "<group>";
		};
		16EF77C91D4D959100B16E70 /* Selling Swipes */ = {
			isa = PBXGroup;
			children = (
				16EF77C61D4D958C00B16E70 /* SwipeSellViewController.h */,
				16EF77C71D4D958C00B16E70 /* SwipeSellViewController.m */,
				161D1B931D4E6F41005B7FC2 /* SwipeSellDetailViewController.h */,
				161D1B941D4E6F41005B7FC2 /* SwipeSellDetailViewController.m */,
				161D1B961D4E9051005B7FC2 /* SwipeSellConfirmationViewController.h */,
				161D1B971D4E9051005B7FC2 /* SwipeSellConfirmationViewController.m */,
			);
			name = "Selling Swipes";
			sourceTree = "<group>";
		};
		CE1D77641CF76CBF0071D249 /* Extensions */ = {
			isa = PBXGroup;
			children = (
				CE1D77651CF76CDC0071D249 /* String+Extensions.swift */,
				CE1D77711CF777D70071D249 /* UIViewController+Extensions.swift */,
				CE6766891D09D450003D6EF0 /* UIStoryboard+Extensions.swift */,
				CE0A128B1D1087AE00BB3AFD /* Firebase+SwipeMeal.swift */,
				CE34EA561D1895F6003408EB /* UIColor+Extensions.swift */,
				16D51ECB1D51747400E3C3F8 /* UIFont+Utils.h */,
				16D51ECC1D51747400E3C3F8 /* UIFont+Utils.m */,
			);
			name = Extensions;
			sourceTree = "<group>";
		};
		CE1D77671CF76D0E0071D249 /* Models */ = {
			isa = PBXGroup;
			children = (
				CE1D776A1CF76FB30071D249 /* SignUpInfo.swift */,
				CE0A128D1D10981A00BB3AFD /* SwipeMealErrors.swift */,
				168656CC1D1F2D53004CE47D /* Message.h */,
				168656CD1D1F2D53004CE47D /* Message.m */,
				16ABC4C31D4C40B700A2AAA4 /* Swipe.h */,
				16ABC4C41D4C40B800A2AAA4 /* Swipe.m */,
				16DE213B1D60C93200D902EC /* SwipeService.h */,
				16DE213C1D60C93200D902EC /* SwipeService.m */,
				165304BB1D5698CA006A0760 /* SwipeStore.h */,
				165304BC1D5698CA006A0760 /* SwipeStore.m */,
			);
			name = Models;
			sourceTree = "<group>";
		};
		CE1D776C1CF770730071D249 /* Utilities */ = {
			isa = PBXGroup;
			children = (
				CE1D776D1CF7708A0071D249 /* SignUpInfoValidator.swift */,
				CE34EA4E1D1861F3003408EB /* SwipeMealUserStorage.swift */,
			);
			name = Utilities;
			sourceTree = "<group>";
		};
		CE2782BF1CE7EA4200039014 = {
			isa = PBXGroup;
			children = (
				CE6766A41D0A098A003D6EF0 /* Controllers */,
				CE67669F1D0A0216003D6EF0 /* Database Layer */,
				CE4E37A51CF60A06000D3E24 /* Custom UI */,
				CE1D77641CF76CBF0071D249 /* Extensions */,
				E6476D2A82ECE8382B3DCD72 /* Frameworks */,
				CE1D77671CF76D0E0071D249 /* Models */,
				CE4E37AD1CF637E8000D3E24 /* Operations */,
				D07A19302079A42674FF8D91 /* Pods */,
				CE2782C91CE7EA4200039014 /* Products */,
				CE2782E11CE8000500039014 /* Resources */,
				CE2782DF1CE7FFE800039014 /* Storyboards */,
				CE2782CA1CE7EA4200039014 /* SwipeMeal */,
				CE4E37A81CF60CB7000D3E24 /* UI Protocols */,
				CE1D776C1CF770730071D249 /* Utilities */,
				CE2782E01CE7FFEF00039014 /* View Controllers */,
			);
			sourceTree = "<group>";
		};
		CE2782C91CE7EA4200039014 /* Products */ = {
			isa = PBXGroup;
			children = (
				CE2782C81CE7EA4200039014 /* SwipeMeal.app */,
			);
			name = Products;
			sourceTree = "<group>";
		};
		CE2782CA1CE7EA4200039014 /* SwipeMeal */ = {
			isa = PBXGroup;
			children = (
				CE24F0881D5BB3F9009B1E2E /* SwipeMeal.entitlements */,
				CE2782CB1CE7EA4200039014 /* AppDelegate.swift */,
			);
			path = SwipeMeal;
			sourceTree = "<group>";
		};
		CE2782DF1CE7FFE800039014 /* Storyboards */ = {
			isa = PBXGroup;
			children = (
				CE2782D41CE7EA4200039014 /* LaunchScreen.storyboard */,
				CE2782CF1CE7EA4200039014 /* SignIn.storyboard */,
				CE1D775F1CF644620071D249 /* SignUp.storyboard */,
				CE34EA451D146178003408EB /* Onboarding.storyboard */,
				168656B21D1EB99F004CE47D /* Main.storyboard */,
				16ABC4BD1D4C06A400A2AAA4 /* Buying.storyboard */,
				16EF77C31D4D955F00B16E70 /* Selling.storyboard */,
			);
			name = Storyboards;
			sourceTree = "<group>";
		};
		CE2782E01CE7FFEF00039014 /* View Controllers */ = {
			isa = PBXGroup;
			children = (
				CE6766931D09FE2E003D6EF0 /* SignInViewController.swift */,
				CE6766941D09FE2E003D6EF0 /* SignUpViewController.swift */,
				CE6766AD1D0A2462003D6EF0 /* EmailVerificationSentViewController.swift */,
				CE34EA481D146266003408EB /* WelcomeViewController.swift */,
				CE34EA541D189233003408EB /* AddProfileImageViewController.swift */,
				168656BB1D1EC9B7004CE47D /* Home */,
				16ABC4BC1D4C04F600A2AAA4 /* Buying Swipes */,
				16EF77C91D4D959100B16E70 /* Selling Swipes */,
				168656C81D1F15BA004CE47D /* Messages */,
				CE3203D91D621B9E00746B03 /* Profile */,
			);
			name = "View Controllers";
			sourceTree = "<group>";
		};
		CE2782E11CE8000500039014 /* Resources */ = {
			isa = PBXGroup;
			children = (
				165304A71D569640006A0760 /* Fonts */,
				CE2782D21CE7EA4200039014 /* Assets.xcassets */,
				CE23E55F1CF37DAB00B3161D /* GoogleService-Info.plist */,
				CE2782D71CE7EA4200039014 /* Info.plist */,
				168656B71D1EC82F004CE47D /* SwipeMeal-Bridging-Header.h */,
			);
			name = Resources;
			sourceTree = "<group>";
		};
		CE3203D91D621B9E00746B03 /* Profile */ = {
			isa = PBXGroup;
			children = (
				CE3203DA1D621BB900746B03 /* ProfileViewController.swift */,
			);
			name = Profile;
			sourceTree = "<group>";
		};
		CE4E37A51CF60A06000D3E24 /* Custom UI */ = {
			isa = PBXGroup;
			children = (
				CE67668D1D09FE1B003D6EF0 /* BottomBorderTextField.swift */,
				CE67668E1D09FE1B003D6EF0 /* SignInTextField.swift */,
				CE34EA4A1D185BD7003408EB /* SwipeMealNavigationBar.swift */,
				CE34EA4C1D185CB9003408EB /* SwipeMealNavigationController.swift */,
				CE34EA501D1870BB003408EB /* SwipeMealRoundedButton.swift */,
				CE34EA521D187276003408EB /* CircularImageView.swift */,
				168656CF1D202F18004CE47D /* CircularIndicatorView.h */,
				168656D01D202F18004CE47D /* CircularIndicatorView.m */,
			);
			name = "Custom UI";
			sourceTree = "<group>";
		};
		CE4E37A81CF60CB7000D3E24 /* UI Protocols */ = {
			isa = PBXGroup;
			children = (
				CE67668B1D09FE08003D6EF0 /* UIProtocols.swift */,
			);
			name = "UI Protocols";
			sourceTree = "<group>";
		};
		CE4E37AD1CF637E8000D3E24 /* Operations */ = {
			isa = PBXGroup;
			children = (
				CE6766971D09FE38003D6EF0 /* BaseOperation.swift */,
				CE6766981D09FE38003D6EF0 /* PresentationOperation.swift */,
				CE67669D1D0A0061003D6EF0 /* CreateUserAccountOperation.swift */,
				CE7748941D134175007F24C2 /* AuthenticateLoginOperation.swift */,
				CECC1ECD1D1B782F00082B1A /* AddProfileImageOperation.swift */,
			);
			name = Operations;
			sourceTree = "<group>";
		};
		CE67669F1D0A0216003D6EF0 /* Database Layer */ = {
			isa = PBXGroup;
			children = (
				CE6766A01D0A02BD003D6EF0 /* SMDatabaseLayer.swift */,
				CE6766A21D0A02FC003D6EF0 /* SwipeMealUser.swift */,
				CE6766A91D0A14CA003D6EF0 /* SMAuthLayer.swift */,
			);
			name = "Database Layer";
			sourceTree = "<group>";
		};
		CE6766A41D0A098A003D6EF0 /* Controllers */ = {
			isa = PBXGroup;
			children = (
				CE6766A51D0A09B1003D6EF0 /* AppEntryFlowController.swift */,
			);
			name = Controllers;
			sourceTree = "<group>";
		};
		D07A19302079A42674FF8D91 /* Pods */ = {
			isa = PBXGroup;
			children = (
				B4F9E638069FF5996BB25BBD /* Pods-SwipeMeal.debug.xcconfig */,
				B58457A538308AC028CDB657 /* Pods-SwipeMeal.release.xcconfig */,
			);
			name = Pods;
			sourceTree = "<group>";
		};
		E6476D2A82ECE8382B3DCD72 /* Frameworks */ = {
			isa = PBXGroup;
			children = (
				346DF6819F5ACFA0D762B3BD /* Pods_SwipeMeal.framework */,
			);
			name = Frameworks;
			sourceTree = "<group>";
		};
/* End PBXGroup section */

/* Begin PBXNativeTarget section */
		CE2782C71CE7EA4200039014 /* SwipeMeal */ = {
			isa = PBXNativeTarget;
			buildConfigurationList = CE2782DA1CE7EA4200039014 /* Build configuration list for PBXNativeTarget "SwipeMeal" */;
			buildPhases = (
				81B39880DF2E6F6DC5ABF358 /* 📦 Check Pods Manifest.lock */,
				9723AC5683DF4F24CFB54F06 /* [CP] Check Pods Manifest.lock */,
				CE2782C41CE7EA4200039014 /* Sources */,
				CE2782C51CE7EA4200039014 /* Frameworks */,
				CE2782C61CE7EA4200039014 /* Resources */,
				4D8D160D0142F0CBCACDA989 /* [CP] Embed Pods Frameworks */,
				389B4FA65B0C63E081BF34AD /* [CP] Copy Pods Resources */,
				C2F0CA571C6135D5E87F64B7 /* 📦 Embed Pods Frameworks */,
				49997C77579F3874B10B736C /* 📦 Copy Pods Resources */,
			);
			buildRules = (
			);
			dependencies = (
			);
			name = SwipeMeal;
			productName = SwipeMeal;
			productReference = CE2782C81CE7EA4200039014 /* SwipeMeal.app */;
			productType = "com.apple.product-type.application";
		};
/* End PBXNativeTarget section */

/* Begin PBXProject section */
		CE2782C01CE7EA4200039014 /* Project object */ = {
			isa = PBXProject;
			attributes = {
				LastSwiftUpdateCheck = 0730;
				LastUpgradeCheck = 0730;
				ORGANIZATIONNAME = Incipia;
				TargetAttributes = {
					CE2782C71CE7EA4200039014 = {
						CreatedOnToolsVersion = 7.3.1;
						DevelopmentTeam = 49BYD5B64K;
						SystemCapabilities = {
							com.apple.BackgroundModes = {
								enabled = 1;
							};
							com.apple.Push = {
								enabled = 1;
							};
							com.apple.SafariKeychain = {
								enabled = 1;
							};
						};
					};
				};
			};
			buildConfigurationList = CE2782C31CE7EA4200039014 /* Build configuration list for PBXProject "SwipeMeal" */;
			compatibilityVersion = "Xcode 3.2";
			developmentRegion = English;
			hasScannedForEncodings = 0;
			knownRegions = (
				en,
				Base,
			);
			mainGroup = CE2782BF1CE7EA4200039014;
			productRefGroup = CE2782C91CE7EA4200039014 /* Products */;
			projectDirPath = "";
			projectRoot = "";
			targets = (
				CE2782C71CE7EA4200039014 /* SwipeMeal */,
			);
		};
/* End PBXProject section */

/* Begin PBXResourcesBuildPhase section */
		CE2782C61CE7EA4200039014 /* Resources */ = {
			isa = PBXResourcesBuildPhase;
			buildActionMask = 2147483647;
			files = (
				165304B21D569640006A0760 /* Montserrat-ExtraBold.otf in Resources */,
				168656B41D1EB99F004CE47D /* Main.storyboard in Resources */,
				CE2782D61CE7EA4200039014 /* LaunchScreen.storyboard in Resources */,
				CE23E5601CF37DAB00B3161D /* GoogleService-Info.plist in Resources */,
				CE2782D31CE7EA4200039014 /* Assets.xcassets in Resources */,
				165304B41D569640006A0760 /* Montserrat-Light.otf in Resources */,
				CE34EA471D146178003408EB /* Onboarding.storyboard in Resources */,
				16EF77C51D4D955F00B16E70 /* Selling.storyboard in Resources */,
				165304B51D569640006A0760 /* Montserrat-Regular.otf in Resources */,
				165304B61D569640006A0760 /* Montserrat-SemiBold.otf in Resources */,
				165304B31D569640006A0760 /* Montserrat-Hairline.otf in Resources */,
				165304B01D569640006A0760 /* Montserrat-Black.otf in Resources */,
				165304B71D569640006A0760 /* Montserrat-UltraLight.otf in Resources */,
				CE2782D11CE7EA4200039014 /* SignIn.storyboard in Resources */,
				16ABC4BF1D4C06A400A2AAA4 /* Buying.storyboard in Resources */,
				CE1D77611CF644620071D249 /* SignUp.storyboard in Resources */,
				165304B11D569640006A0760 /* Montserrat-Bold.otf in Resources */,
			);
			runOnlyForDeploymentPostprocessing = 0;
		};
/* End PBXResourcesBuildPhase section */

/* Begin PBXShellScriptBuildPhase section */
		389B4FA65B0C63E081BF34AD /* [CP] Copy Pods Resources */ = {
			isa = PBXShellScriptBuildPhase;
			buildActionMask = 2147483647;
			files = (
			);
			inputPaths = (
			);
			name = "[CP] Copy Pods Resources";
			outputPaths = (
			);
			runOnlyForDeploymentPostprocessing = 0;
			shellPath = /bin/sh;
			shellScript = "\"${SRCROOT}/Pods/Target Support Files/Pods-SwipeMeal/Pods-SwipeMeal-resources.sh\"\n";
			showEnvVarsInLog = 0;
		};
		49997C77579F3874B10B736C /* 📦 Copy Pods Resources */ = {
			isa = PBXShellScriptBuildPhase;
			buildActionMask = 2147483647;
			files = (
			);
			inputPaths = (
			);
			name = "📦 Copy Pods Resources";
			outputPaths = (
			);
			runOnlyForDeploymentPostprocessing = 0;
			shellPath = /bin/sh;
			shellScript = "\"${SRCROOT}/Pods/Target Support Files/Pods-SwipeMeal/Pods-SwipeMeal-resources.sh\"\n";
			showEnvVarsInLog = 0;
		};
		4D8D160D0142F0CBCACDA989 /* [CP] Embed Pods Frameworks */ = {
			isa = PBXShellScriptBuildPhase;
			buildActionMask = 2147483647;
			files = (
			);
			inputPaths = (
			);
			name = "[CP] Embed Pods Frameworks";
			outputPaths = (
			);
			runOnlyForDeploymentPostprocessing = 0;
			shellPath = /bin/sh;
			shellScript = "\"${SRCROOT}/Pods/Target Support Files/Pods-SwipeMeal/Pods-SwipeMeal-frameworks.sh\"\n";
			showEnvVarsInLog = 0;
		};
		81B39880DF2E6F6DC5ABF358 /* 📦 Check Pods Manifest.lock */ = {
			isa = PBXShellScriptBuildPhase;
			buildActionMask = 2147483647;
			files = (
			);
			inputPaths = (
			);
			name = "📦 Check Pods Manifest.lock";
			outputPaths = (
			);
			runOnlyForDeploymentPostprocessing = 0;
			shellPath = /bin/sh;
			shellScript = "diff \"${PODS_ROOT}/../Podfile.lock\" \"${PODS_ROOT}/Manifest.lock\" > /dev/null\nif [[ $? != 0 ]] ; then\n    cat << EOM\nerror: The sandbox is not in sync with the Podfile.lock. Run 'pod install' or update your CocoaPods installation.\nEOM\n    exit 1\nfi\n";
			showEnvVarsInLog = 0;
		};
		9723AC5683DF4F24CFB54F06 /* [CP] Check Pods Manifest.lock */ = {
			isa = PBXShellScriptBuildPhase;
			buildActionMask = 2147483647;
			files = (
			);
			inputPaths = (
			);
			name = "[CP] Check Pods Manifest.lock";
			outputPaths = (
			);
			runOnlyForDeploymentPostprocessing = 0;
			shellPath = /bin/sh;
			shellScript = "diff \"${PODS_ROOT}/../Podfile.lock\" \"${PODS_ROOT}/Manifest.lock\" > /dev/null\nif [[ $? != 0 ]] ; then\n    cat << EOM\nerror: The sandbox is not in sync with the Podfile.lock. Run 'pod install' or update your CocoaPods installation.\nEOM\n    exit 1\nfi\n";
			showEnvVarsInLog = 0;
		};
		C2F0CA571C6135D5E87F64B7 /* 📦 Embed Pods Frameworks */ = {
			isa = PBXShellScriptBuildPhase;
			buildActionMask = 2147483647;
			files = (
			);
			inputPaths = (
			);
			name = "📦 Embed Pods Frameworks";
			outputPaths = (
			);
			runOnlyForDeploymentPostprocessing = 0;
			shellPath = /bin/sh;
			shellScript = "\"${SRCROOT}/Pods/Target Support Files/Pods-SwipeMeal/Pods-SwipeMeal-frameworks.sh\"\n";
			showEnvVarsInLog = 0;
		};
/* End PBXShellScriptBuildPhase section */

/* Begin PBXSourcesBuildPhase section */
		CE2782C41CE7EA4200039014 /* Sources */ = {
			isa = PBXSourcesBuildPhase;
			buildActionMask = 2147483647;
			files = (
				CE67668F1D09FE1B003D6EF0 /* BottomBorderTextField.swift in Sources */,
				CE0A128E1D10981A00BB3AFD /* SwipeMealErrors.swift in Sources */,
				1613C0911D28987000F7BC3B /* MessagesDetailChildViewController.m in Sources */,
				168656C71D1F15B5004CE47D /* MessagesViewController.m in Sources */,
				CE67668C1D09FE08003D6EF0 /* UIProtocols.swift in Sources */,
				CE6766A11D0A02BD003D6EF0 /* SMDatabaseLayer.swift in Sources */,
				CE6766A61D0A09B1003D6EF0 /* AppEntryFlowController.swift in Sources */,
				CE67669E1D0A0061003D6EF0 /* CreateUserAccountOperation.swift in Sources */,
				CE34EA491D146266003408EB /* WelcomeViewController.swift in Sources */,
				16DE213D1D60C93200D902EC /* SwipeService.m in Sources */,
				1613C0941D28A21700F7BC3B /* MessagesDetailReplyConfirmViewController.m in Sources */,
				CE6766A31D0A02FC003D6EF0 /* SwipeMealUser.swift in Sources */,
				168656CE1D1F2D53004CE47D /* Message.m in Sources */,
				CE1D77661CF76CDC0071D249 /* String+Extensions.swift in Sources */,
				CE6766AE1D0A2462003D6EF0 /* EmailVerificationSentViewController.swift in Sources */,
				CE34EA571D1895F6003408EB /* UIColor+Extensions.swift in Sources */,
				161D1B951D4E6F41005B7FC2 /* SwipeSellDetailViewController.m in Sources */,
				168656D71D204CB3004CE47D /* MessagesDetailReplyViewController.m in Sources */,
				16ABC4BB1D4C04EC00A2AAA4 /* SwipeBuyViewController.m in Sources */,
				CE34EA511D1870BB003408EB /* SwipeMealRoundedButton.swift in Sources */,
				1613C08E1D2867FB00F7BC3B /* MessagesDetailChoiceViewController.m in Sources */,
				1694222D1D577629002981A9 /* SwipeBuyConfirmDialogViewController.m in Sources */,
				CE6766961D09FE2E003D6EF0 /* SignUpViewController.swift in Sources */,
				CE34EA4F1D1861F3003408EB /* SwipeMealUserStorage.swift in Sources */,
				16D51ECD1D51747400E3C3F8 /* UIFont+Utils.m in Sources */,
				CECC1ECE1D1B782F00082B1A /* AddProfileImageOperation.swift in Sources */,
				CE67669A1D09FE38003D6EF0 /* BaseOperation.swift in Sources */,
				168656BA1D1EC830004CE47D /* HomeViewController.m in Sources */,
				CE6766951D09FE2E003D6EF0 /* SignInViewController.swift in Sources */,
				CE6766AA1D0A14CA003D6EF0 /* SMAuthLayer.swift in Sources */,
				CE6766901D09FE1B003D6EF0 /* SignInTextField.swift in Sources */,
				CE1D77721CF777D70071D249 /* UIViewController+Extensions.swift in Sources */,
				164A477F1D292832000AD065 /* MessagesDetailReplyTableViewCell.m in Sources */,
				CE67669B1D09FE38003D6EF0 /* PresentationOperation.swift in Sources */,
				CE67668A1D09D450003D6EF0 /* UIStoryboard+Extensions.swift in Sources */,
				CE34EA551D189233003408EB /* AddProfileImageViewController.swift in Sources */,
				168656D41D204636004CE47D /* MessagesDetailViewController.m in Sources */,
				165304BD1D5698CA006A0760 /* SwipeStore.m in Sources */,
				16ABC4C21D4C3FDE00A2AAA4 /* SwipeBuyTableViewCell.m in Sources */,
				CE1D776B1CF76FB30071D249 /* SignUpInfo.swift in Sources */,
				CE7748951D134175007F24C2 /* AuthenticateLoginOperation.swift in Sources */,
				CE3203DB1D621BB900746B03 /* ProfileViewController.swift in Sources */,
				168656CB1D1F29BD004CE47D /* MessagesTableViewCell.m in Sources */,
				CE0A128C1D1087AE00BB3AFD /* Firebase+SwipeMeal.swift in Sources */,
				1694222A1D577496002981A9 /* SwipeBuyConfirmationViewController.m in Sources */,
				161D1B981D4E9051005B7FC2 /* SwipeSellConfirmationViewController.m in Sources */,
				CE34EA531D187276003408EB /* CircularImageView.swift in Sources */,
				168656C11D1ECA0C004CE47D /* HomeMainTableViewCell.m in Sources */,
				168656D11D202F18004CE47D /* CircularIndicatorView.m in Sources */,
				16ABC4C51D4C40B800A2AAA4 /* Swipe.m in Sources */,
				16EF77C81D4D958C00B16E70 /* SwipeSellViewController.m in Sources */,
				168656BE1D1EC9F5004CE47D /* HomeHeaderTableViewCell.m in Sources */,
				16114D161D4FFAE800EF2AC8 /* SwipeBuyDetailViewController.m in Sources */,
				CE1D776E1CF7708A0071D249 /* SignUpInfoValidator.swift in Sources */,
				CE34EA4D1D185CB9003408EB /* SwipeMealNavigationController.swift in Sources */,
				CE2782CC1CE7EA4200039014 /* AppDelegate.swift in Sources */,
				CE34EA4B1D185BD7003408EB /* SwipeMealNavigationBar.swift in Sources */,
			);
			runOnlyForDeploymentPostprocessing = 0;
		};
/* End PBXSourcesBuildPhase section */

/* Begin PBXVariantGroup section */
		168656B21D1EB99F004CE47D /* Main.storyboard */ = {
			isa = PBXVariantGroup;
			children = (
				168656B31D1EB99F004CE47D /* Base */,
			);
			name = Main.storyboard;
			sourceTree = "<group>";
		};
		16ABC4BD1D4C06A400A2AAA4 /* Buying.storyboard */ = {
			isa = PBXVariantGroup;
			children = (
				16ABC4BE1D4C06A400A2AAA4 /* Base */,
			);
			name = Buying.storyboard;
			sourceTree = "<group>";
		};
		16EF77C31D4D955F00B16E70 /* Selling.storyboard */ = {
			isa = PBXVariantGroup;
			children = (
				16EF77C41D4D955F00B16E70 /* Base */,
			);
			name = Selling.storyboard;
			sourceTree = "<group>";
		};
		CE1D775F1CF644620071D249 /* SignUp.storyboard */ = {
			isa = PBXVariantGroup;
			children = (
				CE1D77601CF644620071D249 /* Base */,
			);
			name = SignUp.storyboard;
			sourceTree = "<group>";
		};
		CE2782CF1CE7EA4200039014 /* SignIn.storyboard */ = {
			isa = PBXVariantGroup;
			children = (
				CE2782D01CE7EA4200039014 /* Base */,
			);
			name = SignIn.storyboard;
			path = SwipeMeal;
			sourceTree = "<group>";
		};
		CE2782D41CE7EA4200039014 /* LaunchScreen.storyboard */ = {
			isa = PBXVariantGroup;
			children = (
				CE2782D51CE7EA4200039014 /* Base */,
			);
			name = LaunchScreen.storyboard;
			path = SwipeMeal;
			sourceTree = "<group>";
		};
		CE34EA451D146178003408EB /* Onboarding.storyboard */ = {
			isa = PBXVariantGroup;
			children = (
				CE34EA461D146178003408EB /* Base */,
			);
			name = Onboarding.storyboard;
			sourceTree = "<group>";
		};
/* End PBXVariantGroup section */

/* Begin XCBuildConfiguration section */
		CE2782D81CE7EA4200039014 /* Debug */ = {
			isa = XCBuildConfiguration;
			buildSettings = {
				ALWAYS_SEARCH_USER_PATHS = NO;
				CLANG_ANALYZER_NONNULL = YES;
				CLANG_CXX_LANGUAGE_STANDARD = "gnu++0x";
				CLANG_CXX_LIBRARY = "libc++";
				CLANG_ENABLE_MODULES = YES;
				CLANG_ENABLE_OBJC_ARC = YES;
				CLANG_WARN_BOOL_CONVERSION = YES;
				CLANG_WARN_CONSTANT_CONVERSION = YES;
				CLANG_WARN_DIRECT_OBJC_ISA_USAGE = YES_ERROR;
				CLANG_WARN_EMPTY_BODY = YES;
				CLANG_WARN_ENUM_CONVERSION = YES;
				CLANG_WARN_INT_CONVERSION = YES;
				CLANG_WARN_OBJC_ROOT_CLASS = YES_ERROR;
				CLANG_WARN_UNREACHABLE_CODE = YES;
				CLANG_WARN__DUPLICATE_METHOD_MATCH = YES;
				"CODE_SIGN_IDENTITY[sdk=iphoneos*]" = "iPhone Developer";
				COPY_PHASE_STRIP = NO;
				DEBUG_INFORMATION_FORMAT = dwarf;
				ENABLE_STRICT_OBJC_MSGSEND = YES;
				ENABLE_TESTABILITY = YES;
				GCC_C_LANGUAGE_STANDARD = gnu99;
				GCC_DYNAMIC_NO_PIC = NO;
				GCC_NO_COMMON_BLOCKS = YES;
				GCC_OPTIMIZATION_LEVEL = 0;
				GCC_PREPROCESSOR_DEFINITIONS = (
					"DEBUG=1",
					"$(inherited)",
				);
				GCC_WARN_64_TO_32_BIT_CONVERSION = YES;
				GCC_WARN_ABOUT_RETURN_TYPE = YES_ERROR;
				GCC_WARN_UNDECLARED_SELECTOR = YES;
				GCC_WARN_UNINITIALIZED_AUTOS = YES_AGGRESSIVE;
				GCC_WARN_UNUSED_FUNCTION = YES;
				GCC_WARN_UNUSED_VARIABLE = YES;
				IPHONEOS_DEPLOYMENT_TARGET = 9.3;
				MTL_ENABLE_DEBUG_INFO = YES;
				ONLY_ACTIVE_ARCH = YES;
				SDKROOT = iphoneos;
				SWIFT_OPTIMIZATION_LEVEL = "-Onone";
			};
			name = Debug;
		};
		CE2782D91CE7EA4200039014 /* Release */ = {
			isa = XCBuildConfiguration;
			buildSettings = {
				ALWAYS_SEARCH_USER_PATHS = NO;
				CLANG_ANALYZER_NONNULL = YES;
				CLANG_CXX_LANGUAGE_STANDARD = "gnu++0x";
				CLANG_CXX_LIBRARY = "libc++";
				CLANG_ENABLE_MODULES = YES;
				CLANG_ENABLE_OBJC_ARC = YES;
				CLANG_WARN_BOOL_CONVERSION = YES;
				CLANG_WARN_CONSTANT_CONVERSION = YES;
				CLANG_WARN_DIRECT_OBJC_ISA_USAGE = YES_ERROR;
				CLANG_WARN_EMPTY_BODY = YES;
				CLANG_WARN_ENUM_CONVERSION = YES;
				CLANG_WARN_INT_CONVERSION = YES;
				CLANG_WARN_OBJC_ROOT_CLASS = YES_ERROR;
				CLANG_WARN_UNREACHABLE_CODE = YES;
				CLANG_WARN__DUPLICATE_METHOD_MATCH = YES;
				"CODE_SIGN_IDENTITY[sdk=iphoneos*]" = "iPhone Developer";
				COPY_PHASE_STRIP = NO;
				DEBUG_INFORMATION_FORMAT = "dwarf-with-dsym";
				ENABLE_NS_ASSERTIONS = NO;
				ENABLE_STRICT_OBJC_MSGSEND = YES;
				GCC_C_LANGUAGE_STANDARD = gnu99;
				GCC_NO_COMMON_BLOCKS = YES;
				GCC_WARN_64_TO_32_BIT_CONVERSION = YES;
				GCC_WARN_ABOUT_RETURN_TYPE = YES_ERROR;
				GCC_WARN_UNDECLARED_SELECTOR = YES;
				GCC_WARN_UNINITIALIZED_AUTOS = YES_AGGRESSIVE;
				GCC_WARN_UNUSED_FUNCTION = YES;
				GCC_WARN_UNUSED_VARIABLE = YES;
				IPHONEOS_DEPLOYMENT_TARGET = 9.3;
				MTL_ENABLE_DEBUG_INFO = NO;
				SDKROOT = iphoneos;
				VALIDATE_PRODUCT = YES;
			};
			name = Release;
		};
		CE2782DB1CE7EA4200039014 /* Debug */ = {
			isa = XCBuildConfiguration;
			baseConfigurationReference = B4F9E638069FF5996BB25BBD /* Pods-SwipeMeal.debug.xcconfig */;
			buildSettings = {
				ASSETCATALOG_COMPILER_APPICON_NAME = AppIcon;
				CLANG_ENABLE_MODULES = YES;
				CODE_SIGN_ENTITLEMENTS = SwipeMeal/SwipeMeal.entitlements;
				CODE_SIGN_IDENTITY = "iPhone Developer";
				INFOPLIST_FILE = SwipeMeal/Info.plist;
				IPHONEOS_DEPLOYMENT_TARGET = 9.2;
				LD_RUNPATH_SEARCH_PATHS = "$(inherited) @executable_path/Frameworks";
				PRODUCT_BUNDLE_IDENTIFIER = com.Incipia.SwipeMeal;
				PRODUCT_NAME = "$(TARGET_NAME)";
				SWIFT_OBJC_BRIDGING_HEADER = "SwipeMeal-Bridging-Header.h";
				SWIFT_OPTIMIZATION_LEVEL = "-Onone";
			};
			name = Debug;
		};
		CE2782DC1CE7EA4200039014 /* Release */ = {
			isa = XCBuildConfiguration;
			baseConfigurationReference = B58457A538308AC028CDB657 /* Pods-SwipeMeal.release.xcconfig */;
			buildSettings = {
				ASSETCATALOG_COMPILER_APPICON_NAME = AppIcon;
				CLANG_ENABLE_MODULES = YES;
				CODE_SIGN_ENTITLEMENTS = SwipeMeal/SwipeMeal.entitlements;
				CODE_SIGN_IDENTITY = "iPhone Developer";
				INFOPLIST_FILE = SwipeMeal/Info.plist;
				IPHONEOS_DEPLOYMENT_TARGET = 9.2;
				LD_RUNPATH_SEARCH_PATHS = "$(inherited) @executable_path/Frameworks";
				PRODUCT_BUNDLE_IDENTIFIER = com.Incipia.SwipeMeal;
				PRODUCT_NAME = "$(TARGET_NAME)";
				SWIFT_OBJC_BRIDGING_HEADER = "SwipeMeal-Bridging-Header.h";
			};
			name = Release;
		};
/* End XCBuildConfiguration section */

/* Begin XCConfigurationList section */
		CE2782C31CE7EA4200039014 /* Build configuration list for PBXProject "SwipeMeal" */ = {
			isa = XCConfigurationList;
			buildConfigurations = (
				CE2782D81CE7EA4200039014 /* Debug */,
				CE2782D91CE7EA4200039014 /* Release */,
			);
			defaultConfigurationIsVisible = 0;
			defaultConfigurationName = Release;
		};
		CE2782DA1CE7EA4200039014 /* Build configuration list for PBXNativeTarget "SwipeMeal" */ = {
			isa = XCConfigurationList;
			buildConfigurations = (
				CE2782DB1CE7EA4200039014 /* Debug */,
				CE2782DC1CE7EA4200039014 /* Release */,
			);
			defaultConfigurationIsVisible = 0;
			defaultConfigurationName = Release;
		};
/* End XCConfigurationList section */
	};
	rootObject = CE2782C01CE7EA4200039014 /* Project object */;
}
